
Microsoft Visual Studio Solution File, Format Version 12.00
# Visual Studio Version 17
VisualStudioVersion = 17.0.31903.59
MinimumVisualStudioVersion = 10.0.40219.1
Project("{FAE04EC0-301F-11D3-BF4B-00C04F79EFBC}") = "ReaneaShopApp", "ReaneaShopApp\ReaneaShopApp.csproj", "{551F0E8D-BE2E-4D04-A198-E70C4D03546A}"
EndProject
Project("{FAE04EC0-301F-11D3-BF4B-00C04F79EFBC}") = "Entities", "Entities\Entities.csproj", "{7EBB452E-C3A3-4C33-83F7-02400C7D5546}"
EndProject
Project("{FAE04EC0-301F-11D3-BF4B-00C04F79EFBC}") = "Repositories", "Repositories\Repositories.csproj", "{C13E0DFF-2DCC-4337-A7BD-1507BA4C7B0A}"
EndProject
Project("{FAE04EC0-301F-11D3-BF4B-00C04F79EFBC}") = "Services", "Services\Services.csproj", "{1B5AFCA6-349D-48A4-93D3-BA7E081E290B}"
EndProject
Global
	GlobalSection(SolutionConfigurationPlatforms) = preSolution
		Debug|Any CPU = Debug|Any CPU
		Release|Any CPU = Release|Any CPU
	EndGlobalSection
	GlobalSection(SolutionProperties) = preSolution
		HideSolutionNode = FALSE
	EndGlobalSection
	GlobalSection(ProjectConfigurationPlatforms) = postSolution
		{551F0E8D-BE2E-4D04-A198-E70C4D03546A}.Debug|Any CPU.ActiveCfg = Debug|Any CPU
		{551F0E8D-BE2E-4D04-A198-E70C4D03546A}.Debug|Any CPU.Build.0 = Debug|Any CPU
		{551F0E8D-BE2E-4D04-A198-E70C4D03546A}.Release|Any CPU.ActiveCfg = Release|Any CPU
		{551F0E8D-BE2E-4D04-A198-E70C4D03546A}.Release|Any CPU.Build.0 = Release|Any CPU
		{7EBB452E-C3A3-4C33-83F7-02400C7D5546}.Debug|Any CPU.ActiveCfg = Debug|Any CPU
		{7EBB452E-C3A3-4C33-83F7-02400C7D5546}.Debug|Any CPU.Build.0 = Debug|Any CPU
		{7EBB452E-C3A3-4C33-83F7-02400C7D5546}.Release|Any CPU.ActiveCfg = Release|Any CPU
		{7EBB452E-C3A3-4C33-83F7-02400C7D5546}.Release|Any CPU.Build.0 = Release|Any CPU
		{C13E0DFF-2DCC-4337-A7BD-1507BA4C7B0A}.Debug|Any CPU.ActiveCfg = Debug|Any CPU
		{C13E0DFF-2DCC-4337-A7BD-1507BA4C7B0A}.Debug|Any CPU.Build.0 = Debug|Any CPU
		{C13E0DFF-2DCC-4337-A7BD-1507BA4C7B0A}.Release|Any CPU.ActiveCfg = Release|Any CPU
		{C13E0DFF-2DCC-4337-A7BD-1507BA4C7B0A}.Release|Any CPU.Build.0 = Release|Any CPU
		{1B5AFCA6-349D-48A4-93D3-BA7E081E290B}.Debug|Any CPU.ActiveCfg = Debug|Any CPU
		{1B5AFCA6-349D-48A4-93D3-BA7E081E290B}.Debug|Any CPU.Build.0 = Debug|Any CPU
		{1B5AFCA6-349D-48A4-93D3-BA7E081E290B}.Release|Any CPU.ActiveCfg = Release|Any CPU
		{1B5AFCA6-349D-48A4-93D3-BA7E081E290B}.Release|Any CPU.Build.0 = Release|Any CPU
	EndGlobalSection
EndGlobal
